
Microsoft Visual Studio Solution File, Format Version 12.00
# Visual Studio Version 17
VisualStudioVersion = 17.4.33213.308
MinimumVisualStudioVersion = 10.0.40219.1
Project("{8BC9CEB8-8B4A-11D0-8D11-00A0C91BC942}") = "14", "14\14.vcxproj", "{D63C9287-7565-4B9D-9D00-A4EA2DFFD019}"
EndProject
Global
	GlobalSection(SolutionConfigurationPlatforms) = preSolution
		Debug|x64 = Debug|x64
		Debug|x86 = Debug|x86
		Release|x64 = Release|x64
		Release|x86 = Release|x86
	EndGlobalSection
	GlobalSection(ProjectConfigurationPlatforms) = postSolution
		{D63C9287-7565-4B9D-9D00-A4EA2DFFD019}.Debug|x64.ActiveCfg = Debug|x64
		{D63C9287-7565-4B9D-9D00-A4EA2DFFD019}.Debug|x64.Build.0 = Debug|x64
		{D63C9287-7565-4B9D-9D00-A4EA2DFFD019}.Debug|x86.ActiveCfg = Debug|Win32
		{D63C9287-7565-4B9D-9D00-A4EA2DFFD019}.Debug|x86.Build.0 = Debug|Win32
		{D63C9287-7565-4B9D-9D00-A4EA2DFFD019}.Release|x64.ActiveCfg = Release|x64
		{D63C9287-7565-4B9D-9D00-A4EA2DFFD019}.Release|x64.Build.0 = Release|x64
		{D63C9287-7565-4B9D-9D00-A4EA2DFFD019}.Release|x86.ActiveCfg = Release|Win32
		{D63C9287-7565-4B9D-9D00-A4EA2DFFD019}.Release|x86.Build.0 = Release|Win32
	EndGlobalSection
	GlobalSection(SolutionProperties) = preSolution
		HideSolutionNode = FALSE
	EndGlobalSection
	GlobalSection(ExtensibilityGlobals) = postSolution
		SolutionGuid = {99CAD5FF-5483-4D0C-982F-4196CC496334}
	EndGlobalSection
EndGlobal
