
Microsoft Visual Studio Solution File, Format Version 12.00
# Visual Studio Version 17
VisualStudioVersion = 17.4.33213.308
MinimumVisualStudioVersion = 10.0.40219.1
Project("{8BC9CEB8-8B4A-11D0-8D11-00A0C91BC942}") = "28", "28\28.vcxproj", "{E58C21C8-5619-4365-9CE3-90AE7621453E}"
EndProject
Global
	GlobalSection(SolutionConfigurationPlatforms) = preSolution
		Debug|x64 = Debug|x64
		Debug|x86 = Debug|x86
		Release|x64 = Release|x64
		Release|x86 = Release|x86
	EndGlobalSection
	GlobalSection(ProjectConfigurationPlatforms) = postSolution
		{E58C21C8-5619-4365-9CE3-90AE7621453E}.Debug|x64.ActiveCfg = Debug|x64
		{E58C21C8-5619-4365-9CE3-90AE7621453E}.Debug|x64.Build.0 = Debug|x64
		{E58C21C8-5619-4365-9CE3-90AE7621453E}.Debug|x86.ActiveCfg = Debug|Win32
		{E58C21C8-5619-4365-9CE3-90AE7621453E}.Debug|x86.Build.0 = Debug|Win32
		{E58C21C8-5619-4365-9CE3-90AE7621453E}.Release|x64.ActiveCfg = Release|x64
		{E58C21C8-5619-4365-9CE3-90AE7621453E}.Release|x64.Build.0 = Release|x64
		{E58C21C8-5619-4365-9CE3-90AE7621453E}.Release|x86.ActiveCfg = Release|Win32
		{E58C21C8-5619-4365-9CE3-90AE7621453E}.Release|x86.Build.0 = Release|Win32
	EndGlobalSection
	GlobalSection(SolutionProperties) = preSolution
		HideSolutionNode = FALSE
	EndGlobalSection
	GlobalSection(ExtensibilityGlobals) = postSolution
		SolutionGuid = {90D08047-E06F-44F0-8E54-14D88EC732C9}
	EndGlobalSection
EndGlobal
