
Microsoft Visual Studio Solution File, Format Version 12.00
# Visual Studio Version 17
VisualStudioVersion = 17.4.33213.308
MinimumVisualStudioVersion = 10.0.40219.1
Project("{FAE04EC0-301F-11D3-BF4B-00C04F79EFBC}") = "3.1", "3.1\3.1.csproj", "{A509CD79-F76A-4FF3-9951-338D63F485E9}"
EndProject
Global
	GlobalSection(SolutionConfigurationPlatforms) = preSolution
		Debug|Any CPU = Debug|Any CPU
		Release|Any CPU = Release|Any CPU
	EndGlobalSection
	GlobalSection(ProjectConfigurationPlatforms) = postSolution
		{A509CD79-F76A-4FF3-9951-338D63F485E9}.Debug|Any CPU.ActiveCfg = Debug|Any CPU
		{A509CD79-F76A-4FF3-9951-338D63F485E9}.Debug|Any CPU.Build.0 = Debug|Any CPU
		{A509CD79-F76A-4FF3-9951-338D63F485E9}.Release|Any CPU.ActiveCfg = Release|Any CPU
		{A509CD79-F76A-4FF3-9951-338D63F485E9}.Release|Any CPU.Build.0 = Release|Any CPU
	EndGlobalSection
	GlobalSection(SolutionProperties) = preSolution
		HideSolutionNode = FALSE
	EndGlobalSection
	GlobalSection(ExtensibilityGlobals) = postSolution
		SolutionGuid = {755989B2-8FD1-4FC0-A599-E8D51D81815C}
	EndGlobalSection
EndGlobal
