
Microsoft Visual Studio Solution File, Format Version 12.00
# Visual Studio Version 17
VisualStudioVersion = 17.4.33213.308
MinimumVisualStudioVersion = 10.0.40219.1
Project("{8BC9CEB8-8B4A-11D0-8D11-00A0C91BC942}") = "14.2", "14.2\14.2.vcxproj", "{55FEF8EB-5343-4DE2-905B-7C5E3164B7F0}"
EndProject
Global
	GlobalSection(SolutionConfigurationPlatforms) = preSolution
		Debug|x64 = Debug|x64
		Debug|x86 = Debug|x86
		Release|x64 = Release|x64
		Release|x86 = Release|x86
	EndGlobalSection
	GlobalSection(ProjectConfigurationPlatforms) = postSolution
		{55FEF8EB-5343-4DE2-905B-7C5E3164B7F0}.Debug|x64.ActiveCfg = Debug|x64
		{55FEF8EB-5343-4DE2-905B-7C5E3164B7F0}.Debug|x64.Build.0 = Debug|x64
		{55FEF8EB-5343-4DE2-905B-7C5E3164B7F0}.Debug|x86.ActiveCfg = Debug|Win32
		{55FEF8EB-5343-4DE2-905B-7C5E3164B7F0}.Debug|x86.Build.0 = Debug|Win32
		{55FEF8EB-5343-4DE2-905B-7C5E3164B7F0}.Release|x64.ActiveCfg = Release|x64
		{55FEF8EB-5343-4DE2-905B-7C5E3164B7F0}.Release|x64.Build.0 = Release|x64
		{55FEF8EB-5343-4DE2-905B-7C5E3164B7F0}.Release|x86.ActiveCfg = Release|Win32
		{55FEF8EB-5343-4DE2-905B-7C5E3164B7F0}.Release|x86.Build.0 = Release|Win32
	EndGlobalSection
	GlobalSection(SolutionProperties) = preSolution
		HideSolutionNode = FALSE
	EndGlobalSection
	GlobalSection(ExtensibilityGlobals) = postSolution
		SolutionGuid = {165DE531-B7C4-4C2C-B900-1B6F4821E4DC}
	EndGlobalSection
EndGlobal
