
Microsoft Visual Studio Solution File, Format Version 12.00
# Visual Studio Version 17
VisualStudioVersion = 17.4.33213.308
MinimumVisualStudioVersion = 10.0.40219.1
Project("{FAE04EC0-301F-11D3-BF4B-00C04F79EFBC}") = "14.2", "14.2\14.2.csproj", "{84637318-4977-4097-94E6-4472531A4352}"
EndProject
Global
	GlobalSection(SolutionConfigurationPlatforms) = preSolution
		Debug|Any CPU = Debug|Any CPU
		Release|Any CPU = Release|Any CPU
	EndGlobalSection
	GlobalSection(ProjectConfigurationPlatforms) = postSolution
		{84637318-4977-4097-94E6-4472531A4352}.Debug|Any CPU.ActiveCfg = Debug|Any CPU
		{84637318-4977-4097-94E6-4472531A4352}.Debug|Any CPU.Build.0 = Debug|Any CPU
		{84637318-4977-4097-94E6-4472531A4352}.Release|Any CPU.ActiveCfg = Release|Any CPU
		{84637318-4977-4097-94E6-4472531A4352}.Release|Any CPU.Build.0 = Release|Any CPU
	EndGlobalSection
	GlobalSection(SolutionProperties) = preSolution
		HideSolutionNode = FALSE
	EndGlobalSection
	GlobalSection(ExtensibilityGlobals) = postSolution
		SolutionGuid = {06BD0D46-0DAC-4504-9B9B-B04C3FD83068}
	EndGlobalSection
EndGlobal
