
Microsoft Visual Studio Solution File, Format Version 12.00
# Visual Studio Version 17
VisualStudioVersion = 17.8.34330.188
MinimumVisualStudioVersion = 10.0.40219.1
Project("{FAE04EC0-301F-11D3-BF4B-00C04F79EFBC}") = "3.2", "3.2\3.2.csproj", "{A7EF2E7C-A628-480B-B9B8-4AF4062072C0}"
EndProject
Global
	GlobalSection(SolutionConfigurationPlatforms) = preSolution
		Debug|Any CPU = Debug|Any CPU
		Release|Any CPU = Release|Any CPU
	EndGlobalSection
	GlobalSection(ProjectConfigurationPlatforms) = postSolution
		{A7EF2E7C-A628-480B-B9B8-4AF4062072C0}.Debug|Any CPU.ActiveCfg = Debug|Any CPU
		{A7EF2E7C-A628-480B-B9B8-4AF4062072C0}.Debug|Any CPU.Build.0 = Debug|Any CPU
		{A7EF2E7C-A628-480B-B9B8-4AF4062072C0}.Release|Any CPU.ActiveCfg = Release|Any CPU
		{A7EF2E7C-A628-480B-B9B8-4AF4062072C0}.Release|Any CPU.Build.0 = Release|Any CPU
	EndGlobalSection
	GlobalSection(SolutionProperties) = preSolution
		HideSolutionNode = FALSE
	EndGlobalSection
	GlobalSection(ExtensibilityGlobals) = postSolution
		SolutionGuid = {DBB220ED-D7F5-4F98-AC26-0D3CC252D2C2}
	EndGlobalSection
EndGlobal
